// !$*UTF8*$!
{
	archiveVersion = 1;
	classes = {
	};
	objectVersion = 46;
	objects = {

/* Begin PBXBuildFile section */
		9D82D22C1D3EC3FA009CAF1B /* main.m in Sources */ = {isa = PBXBuildFile; fileRef = 9D82D22B1D3EC3FA009CAF1B /* main.m */; };
		9D82D22F1D3EC3FA009CAF1B /* AppDelegate.m in Sources */ = {isa = PBXBuildFile; fileRef = 9D82D22E1D3EC3FA009CAF1B /* AppDelegate.m */; };
		9D82D2321D3EC3FA009CAF1B /* FirstViewController.m in Sources */ = {isa = PBXBuildFile; fileRef = 9D82D2311D3EC3FA009CAF1B /* FirstViewController.m */; };
		9D82D2351D3EC3FA009CAF1B /* SecondViewController.m in Sources */ = {isa = PBXBuildFile; fileRef = 9D82D2341D3EC3FA009CAF1B /* SecondViewController.m */; };
		9D82D2381D3EC3FA009CAF1B /* Main.storyboard in Resources */ = {isa = PBXBuildFile; fileRef = 9D82D2361D3EC3FA009CAF1B /* Main.storyboard */; };
		9D82D23A1D3EC3FA009CAF1B /* Assets.xcassets in Resources */ = {isa = PBXBuildFile; fileRef = 9D82D2391D3EC3FA009CAF1B /* Assets.xcassets */; };
		9D82D23D1D3EC3FA009CAF1B /* LaunchScreen.storyboard in Resources */ = {isa = PBXBuildFile; fileRef = 9D82D23B1D3EC3FA009CAF1B /* LaunchScreen.storyboard */; };
		9D82D2481D3EC3FA009CAF1B /* PhotoMappTests.m in Sources */ = {isa = PBXBuildFile; fileRef = 9D82D2471D3EC3FA009CAF1B /* PhotoMappTests.m */; };
		9D82D2531D3EC3FA009CAF1B /* PhotoMappUITests.m in Sources */ = {isa = PBXBuildFile; fileRef = 9D82D2521D3EC3FA009CAF1B /* PhotoMappUITests.m */; };
/* End PBXBuildFile section */

/* Begin PBXContainerItemProxy section */
		9D82D2441D3EC3FA009CAF1B /* PBXContainerItemProxy */ = {
			isa = PBXContainerItemProxy;
			containerPortal = 9D82D21F1D3EC3FA009CAF1B /* Project object */;
			proxyType = 1;
			remoteGlobalIDString = 9D82D2261D3EC3FA009CAF1B;
			remoteInfo = PhotoMapp;
		};
		9D82D24F1D3EC3FA009CAF1B /* PBXContainerItemProxy */ = {
			isa = PBXContainerItemProxy;
			containerPortal = 9D82D21F1D3EC3FA009CAF1B /* Project object */;
			proxyType = 1;
			remoteGlobalIDString = 9D82D2261D3EC3FA009CAF1B;
			remoteInfo = PhotoMapp;
		};
/* End PBXContainerItemProxy section */

/* Begin PBXFileReference section */
		9D82D2271D3EC3FA009CAF1B /* PhotoMapp.app */ = {isa = PBXFileReference; explicitFileType = wrapper.application; includeInIndex = 0; path = PhotoMapp.app; sourceTree = BUILT_PRODUCTS_DIR; };
		9D82D22B1D3EC3FA009CAF1B /* main.m */ = {isa = PBXFileReference; lastKnownFileType = sourcecode.c.objc; path = main.m; sourceTree = "<group>"; };
		9D82D22D1D3EC3FA009CAF1B /* AppDelegate.h */ = {isa = PBXFileReference; lastKnownFileType = sourcecode.c.h; path = AppDelegate.h; sourceTree = "<group>"; };
		9D82D22E1D3EC3FA009CAF1B /* AppDelegate.m */ = {isa = PBXFileReference; lastKnownFileType = sourcecode.c.objc; path = AppDelegate.m; sourceTree = "<group>"; };
		9D82D2301D3EC3FA009CAF1B /* FirstViewController.h */ = {isa = PBXFileReference; lastKnownFileType = sourcecode.c.h; path = FirstViewController.h; sourceTree = "<group>"; };
		9D82D2311D3EC3FA009CAF1B /* FirstViewController.m */ = {isa = PBXFileReference; lastKnownFileType = sourcecode.c.objc; path = FirstViewController.m; sourceTree = "<group>"; };
		9D82D2331D3EC3FA009CAF1B /* SecondViewController.h */ = {isa = PBXFileReference; lastKnownFileType = sourcecode.c.h; path = SecondViewController.h; sourceTree = "<group>"; };
		9D82D2341D3EC3FA009CAF1B /* SecondViewController.m */ = {isa = PBXFileReference; lastKnownFileType = sourcecode.c.objc; path = SecondViewController.m; sourceTree = "<group>"; };
		9D82D2371D3EC3FA009CAF1B /* Base */ = {isa = PBXFileReference; lastKnownFileType = file.storyboard; name = Base; path = Base.lproj/Main.storyboard; sourceTree = "<group>"; };
		9D82D2391D3EC3FA009CAF1B /* Assets.xcassets */ = {isa = PBXFileReference; lastKnownFileType = folder.assetcatalog; path = Assets.xcassets; sourceTree = "<group>"; };
		9D82D23C1D3EC3FA009CAF1B /* Base */ = {isa = PBXFileReference; lastKnownFileType = file.storyboard; name = Base; path = Base.lproj/LaunchScreen.storyboard; sourceTree = "<group>"; };
		9D82D23E1D3EC3FA009CAF1B /* Info.plist */ = {isa = PBXFileReference; lastKnownFileType = text.plist.xml; path = Info.plist; sourceTree = "<group>"; };
		9D82D2431D3EC3FA009CAF1B /* PhotoMappTests.xctest */ = {isa = PBXFileReference; explicitFileType = wrapper.cfbundle; includeInIndex = 0; path = PhotoMappTests.xctest; sourceTree = BUILT_PRODUCTS_DIR; };
		9D82D2471D3EC3FA009CAF1B /* PhotoMappTests.m */ = {isa = PBXFileReference; lastKnownFileType = sourcecode.c.objc; path = PhotoMappTests.m; sourceTree = "<group>"; };
		9D82D2491D3EC3FA009CAF1B /* Info.plist */ = {isa = PBXFileReference; lastKnownFileType = text.plist.xml; path = Info.plist; sourceTree = "<group>"; };
		9D82D24E1D3EC3FA009CAF1B /* PhotoMappUITests.xctest */ = {isa = PBXFileReference; explicitFileType = wrapper.cfbundle; includeInIndex = 0; path = PhotoMappUITests.xctest; sourceTree = BUILT_PRODUCTS_DIR; };
		9D82D2521D3EC3FA009CAF1B /* PhotoMappUITests.m */ = {isa = PBXFileReference; lastKnownFileType = sourcecode.c.objc; path = PhotoMappUITests.m; sourceTree = "<group>"; };
		9D82D2541D3EC3FA009CAF1B /* Info.plist */ = {isa = PBXFileReference; lastKnownFileType = text.plist.xml; path = Info.plist; sourceTree = "<group>"; };
/* End PBXFileReference section */

/* Begin PBXFrameworksBuildPhase section */
		9D82D2241D3EC3FA009CAF1B /* Frameworks */ = {
			isa = PBXFrameworksBuildPhase;
			buildActionMask = 2147483647;
			files = (
			);
			runOnlyForDeploymentPostprocessing = 0;
		};
		9D82D2401D3EC3FA009CAF1B /* Frameworks */ = {
			isa = PBXFrameworksBuildPhase;
			buildActionMask = 2147483647;
			files = (
			);
			runOnlyForDeploymentPostprocessing = 0;
		};
		9D82D24B1D3EC3FA009CAF1B /* Frameworks */ = {
			isa = PBXFrameworksBuildPhase;
			buildActionMask = 2147483647;
			files = (
			);
			runOnlyForDeploymentPostprocessing = 0;
		};
/* End PBXFrameworksBuildPhase section */

/* Begin PBXGroup section */
		9D82D21E1D3EC3FA009CAF1B = {
			isa = PBXGroup;
			children = (
				9D82D2291D3EC3FA009CAF1B /* PhotoMapp */,
				9D82D2461D3EC3FA009CAF1B /* PhotoMappTests */,
				9D82D2511D3EC3FA009CAF1B /* PhotoMappUITests */,
				9D82D2281D3EC3FA009CAF1B /* Products */,
			);
			sourceTree = "<group>";
		};
		9D82D2281D3EC3FA009CAF1B /* Products */ = {
			isa = PBXGroup;
			children = (
				9D82D2271D3EC3FA009CAF1B /* PhotoMapp.app */,
				9D82D2431D3EC3FA009CAF1B /* PhotoMappTests.xctest */,
				9D82D24E1D3EC3FA009CAF1B /* PhotoMappUITests.xctest */,
			);
			name = Products;
			sourceTree = "<group>";
		};
		9D82D2291D3EC3FA009CAF1B /* PhotoMapp */ = {
			isa = PBXGroup;
			children = (
				9D82D22D1D3EC3FA009CAF1B /* AppDelegate.h */,
				9D82D22E1D3EC3FA009CAF1B /* AppDelegate.m */,
				9D82D2301D3EC3FA009CAF1B /* FirstViewController.h */,
				9D82D2311D3EC3FA009CAF1B /* FirstViewController.m */,
				9D82D2331D3EC3FA009CAF1B /* SecondViewController.h */,
				9D82D2341D3EC3FA009CAF1B /* SecondViewController.m */,
				9D82D2361D3EC3FA009CAF1B /* Main.storyboard */,
				9D82D2391D3EC3FA009CAF1B /* Assets.xcassets */,
				9D82D23B1D3EC3FA009CAF1B /* LaunchScreen.storyboard */,
				9D82D23E1D3EC3FA009CAF1B /* Info.plist */,
				9D82D22A1D3EC3FA009CAF1B /* Supporting Files */,
			);
			path = PhotoMapp;
			sourceTree = "<group>";
		};
		9D82D22A1D3EC3FA009CAF1B /* Supporting Files */ = {
			isa = PBXGroup;
			children = (
				9D82D22B1D3EC3FA009CAF1B /* main.m */,
			);
			name = "Supporting Files";
			sourceTree = "<group>";
		};
		9D82D2461D3EC3FA009CAF1B /* PhotoMappTests */ = {
			isa = PBXGroup;
			children = (
				9D82D2471D3EC3FA009CAF1B /* PhotoMappTests.m */,
				9D82D2491D3EC3FA009CAF1B /* Info.plist */,
			);
			path = PhotoMappTests;
			sourceTree = "<group>";
		};
		9D82D2511D3EC3FA009CAF1B /* PhotoMappUITests */ = {
			isa = PBXGroup;
			children = (
				9D82D2521D3EC3FA009CAF1B /* PhotoMappUITests.m */,
				9D82D2541D3EC3FA009CAF1B /* Info.plist */,
			);
			path = PhotoMappUITests;
			sourceTree = "<group>";
		};
/* End PBXGroup section */

/* Begin PBXNativeTarget section */
		9D82D2261D3EC3FA009CAF1B /* PhotoMapp */ = {
			isa = PBXNativeTarget;
			buildConfigurationList = 9D82D2571D3EC3FA009CAF1B /* Build configuration list for PBXNativeTarget "PhotoMapp" */;
			buildPhases = (
				9D82D2231D3EC3FA009CAF1B /* Sources */,
				9D82D2241D3EC3FA009CAF1B /* Frameworks */,
				9D82D2251D3EC3FA009CAF1B /* Resources */,
			);
			buildRules = (
			);
			dependencies = (
			);
			name = PhotoMapp;
			productName = PhotoMapp;
			productReference = 9D82D2271D3EC3FA009CAF1B /* PhotoMapp.app */;
			productType = "com.apple.product-type.application";
		};
		9D82D2421D3EC3FA009CAF1B /* PhotoMappTests */ = {
			isa = PBXNativeTarget;
			buildConfigurationList = 9D82D25A1D3EC3FA009CAF1B /* Build configuration list for PBXNativeTarget "PhotoMappTests" */;
			buildPhases = (
				9D82D23F1D3EC3FA009CAF1B /* Sources */,
				9D82D2401D3EC3FA009CAF1B /* Frameworks */,
				9D82D2411D3EC3FA009CAF1B /* Resources */,
			);
			buildRules = (
			);
			dependencies = (
				9D82D2451D3EC3FA009CAF1B /* PBXTargetDependency */,
			);
			name = PhotoMappTests;
			productName = PhotoMappTests;
			productReference = 9D82D2431D3EC3FA009CAF1B /* PhotoMappTests.xctest */;
			productType = "com.apple.product-type.bundle.unit-test";
		};
		9D82D24D1D3EC3FA009CAF1B /* PhotoMappUITests */ = {
			isa = PBXNativeTarget;
			buildConfigurationList = 9D82D25D1D3EC3FA009CAF1B /* Build configuration list for PBXNativeTarget "PhotoMappUITests" */;
			buildPhases = (
				9D82D24A1D3EC3FA009CAF1B /* Sources */,
				9D82D24B1D3EC3FA009CAF1B /* Frameworks */,
				9D82D24C1D3EC3FA009CAF1B /* Resources */,
			);
			buildRules = (
			);
			dependencies = (
				9D82D2501D3EC3FA009CAF1B /* PBXTargetDependency */,
			);
			name = PhotoMappUITests;
			productName = PhotoMappUITests;
			productReference = 9D82D24E1D3EC3FA009CAF1B /* PhotoMappUITests.xctest */;
			productType = "com.apple.product-type.bundle.ui-testing";
		};
/* End PBXNativeTarget section */

/* Begin PBXProject section */
		9D82D21F1D3EC3FA009CAF1B /* Project object */ = {
			isa = PBXProject;
			attributes = {
				LastUpgradeCheck = 0730;
				ORGANIZATIONNAME = "Bob Feng";
				TargetAttributes = {
					9D82D2261D3EC3FA009CAF1B = {
						CreatedOnToolsVersion = 7.3.1;
					};
					9D82D2421D3EC3FA009CAF1B = {
						CreatedOnToolsVersion = 7.3.1;
						TestTargetID = 9D82D2261D3EC3FA009CAF1B;
					};
					9D82D24D1D3EC3FA009CAF1B = {
						CreatedOnToolsVersion = 7.3.1;
						TestTargetID = 9D82D2261D3EC3FA009CAF1B;
					};
				};
			};
			buildConfigurationList = 9D82D2221D3EC3FA009CAF1B /* Build configuration list for PBXProject "PhotoMapp" */;
			compatibilityVersion = "Xcode 3.2";
			developmentRegion = English;
			hasScannedForEncodings = 0;
			knownRegions = (
				en,
				Base,
			);
			mainGroup = 9D82D21E1D3EC3FA009CAF1B;
			productRefGroup = 9D82D2281D3EC3FA009CAF1B /* Products */;
			projectDirPath = "";
			projectRoot = "";
			targets = (
				9D82D2261D3EC3FA009CAF1B /* PhotoMapp */,
				9D82D2421D3EC3FA009CAF1B /* PhotoMappTests */,
				9D82D24D1D3EC3FA009CAF1B /* PhotoMappUITests */,
			);
		};
/* End PBXProject section */

/* Begin PBXResourcesBuildPhase section */
		9D82D2251D3EC3FA009CAF1B /* Resources */ = {
			isa = PBXResourcesBuildPhase;
			buildActionMask = 2147483647;
			files = (
				9D82D23D1D3EC3FA009CAF1B /* LaunchScreen.storyboard in Resources */,
				9D82D23A1D3EC3FA009CAF1B /* Assets.xcassets in Resources */,
				9D82D2381D3EC3FA009CAF1B /* Main.storyboard in Resources */,
			);
			runOnlyForDeploymentPostprocessing = 0;
		};
		9D82D2411D3EC3FA009CAF1B /* Resources */ = {
			isa = PBXResourcesBuildPhase;
			buildActionMask = 2147483647;
			files = (
			);
			runOnlyForDeploymentPostprocessing = 0;
		};
		9D82D24C1D3EC3FA009CAF1B /* Resources */ = {
			isa = PBXResourcesBuildPhase;
			buildActionMask = 2147483647;
			files = (
			);
			runOnlyForDeploymentPostprocessing = 0;
		};
/* End PBXResourcesBuildPhase section */

/* Begin PBXSourcesBuildPhase section */
		9D82D2231D3EC3FA009CAF1B /* Sources */ = {
			isa = PBXSourcesBuildPhase;
			buildActionMask = 2147483647;
			files = (
				9D82D2351D3EC3FA009CAF1B /* SecondViewController.m in Sources */,
				9D82D22F1D3EC3FA009CAF1B /* AppDelegate.m in Sources */,
				9D82D2321D3EC3FA009CAF1B /* FirstViewController.m in Sources */,
				9D82D22C1D3EC3FA009CAF1B /* main.m in Sources */,
			);
			runOnlyForDeploymentPostprocessing = 0;
		};
		9D82D23F1D3EC3FA009CAF1B /* Sources */ = {
			isa = PBXSourcesBuildPhase;
			buildActionMask = 2147483647;
			files = (
				9D82D2481D3EC3FA009CAF1B /* PhotoMappTests.m in Sources */,
			);
			runOnlyForDeploymentPostprocessing = 0;
		};
		9D82D24A1D3EC3FA009CAF1B /* Sources */ = {
			isa = PBXSourcesBuildPhase;
			buildActionMask = 2147483647;
			files = (
				9D82D2531D3EC3FA009CAF1B /* PhotoMappUITests.m in Sources */,
			);
			runOnlyForDeploymentPostprocessing = 0;
		};
/* End PBXSourcesBuildPhase section */

/* Begin PBXTargetDependency section */
		9D82D2451D3EC3FA009CAF1B /* PBXTargetDependency */ = {
			isa = PBXTargetDependency;
			target = 9D82D2261D3EC3FA009CAF1B /* PhotoMapp */;
			targetProxy = 9D82D2441D3EC3FA009CAF1B /* PBXContainerItemProxy */;
		};
		9D82D2501D3EC3FA009CAF1B /* PBXTargetDependency */ = {
			isa = PBXTargetDependency;
			target = 9D82D2261D3EC3FA009CAF1B /* PhotoMapp */;
			targetProxy = 9D82D24F1D3EC3FA009CAF1B /* PBXContainerItemProxy */;
		};
/* End PBXTargetDependency section */

/* Begin PBXVariantGroup section */
		9D82D2361D3EC3FA009CAF1B /* Main.storyboard */ = {
			isa = PBXVariantGroup;
			children = (
				9D82D2371D3EC3FA009CAF1B /* Base */,
			);
			name = Main.storyboard;
			sourceTree = "<group>";
		};
		9D82D23B1D3EC3FA009CAF1B /* LaunchScreen.storyboard */ = {
			isa = PBXVariantGroup;
			children = (
				9D82D23C1D3EC3FA009CAF1B /* Base */,
			);
			name = LaunchScreen.storyboard;
			sourceTree = "<group>";
		};
/* End PBXVariantGroup section */

/* Begin XCBuildConfiguration section */
		9D82D2551D3EC3FA009CAF1B /* Debug */ = {
			isa = XCBuildConfiguration;
			buildSettings = {
				ALWAYS_SEARCH_USER_PATHS = NO;
				CLANG_ANALYZER_NONNULL = YES;
				CLANG_CXX_LANGUAGE_STANDARD = "gnu++0x";
				CLANG_CXX_LIBRARY = "libc++";
				CLANG_ENABLE_MODULES = YES;
				CLANG_ENABLE_OBJC_ARC = YES;
				CLANG_WARN_BOOL_CONVERSION = YES;
				CLANG_WARN_CONSTANT_CONVERSION = YES;
				CLANG_WARN_DIRECT_OBJC_ISA_USAGE = YES_ERROR;
				CLANG_WARN_EMPTY_BODY = YES;
				CLANG_WARN_ENUM_CONVERSION = YES;
				CLANG_WARN_INT_CONVERSION = YES;
				CLANG_WARN_OBJC_ROOT_CLASS = YES_ERROR;
				CLANG_WARN_UNREACHABLE_CODE = YES;
				CLANG_WARN__DUPLICATE_METHOD_MATCH = YES;
				"CODE_SIGN_IDENTITY[sdk=iphoneos*]" = "iPhone Developer";
				COPY_PHASE_STRIP = NO;
				DEBUG_INFORMATION_FORMAT = dwarf;
				ENABLE_STRICT_OBJC_MSGSEND = YES;
				ENABLE_TESTABILITY = YES;
				GCC_C_LANGUAGE_STANDARD = gnu99;
				GCC_DYNAMIC_NO_PIC = NO;
				GCC_NO_COMMON_BLOCKS = YES;
				GCC_OPTIMIZATION_LEVEL = 0;
				GCC_PREPROCESSOR_DEFINITIONS = (
					"DEBUG=1",
					"$(inherited)",
				);
				GCC_WARN_64_TO_32_BIT_CONVERSION = YES;
				GCC_WARN_ABOUT_RETURN_TYPE = YES_ERROR;
				GCC_WARN_UNDECLARED_SELECTOR = YES;
				GCC_WARN_UNINITIALIZED_AUTOS = YES_AGGRESSIVE;
				GCC_WARN_UNUSED_FUNCTION = YES;
				GCC_WARN_UNUSED_VARIABLE = YES;
				IPHONEOS_DEPLOYMENT_TARGET = 9.3;
				MTL_ENABLE_DEBUG_INFO = YES;
				ONLY_ACTIVE_ARCH = YES;
				SDKROOT = iphoneos;
			};
			name = Debug;
		};
		9D82D2561D3EC3FA009CAF1B /* Release */ = {
			isa = XCBuildConfiguration;
			buildSettings = {
				ALWAYS_SEARCH_USER_PATHS = NO;
				CLANG_ANALYZER_NONNULL = YES;
				CLANG_CXX_LANGUAGE_STANDARD = "gnu++0x";
				CLANG_CXX_LIBRARY = "libc++";
				CLANG_ENABLE_MODULES = YES;
				CLANG_ENABLE_OBJC_ARC = YES;
				CLANG_WARN_BOOL_CONVERSION = YES;
				CLANG_WARN_CONSTANT_CONVERSION = YES;
				CLANG_WARN_DIRECT_OBJC_ISA_USAGE = YES_ERROR;
				CLANG_WARN_EMPTY_BODY = YES;
				CLANG_WARN_ENUM_CONVERSION = YES;
				CLANG_WARN_INT_CONVERSION = YES;
				CLANG_WARN_OBJC_ROOT_CLASS = YES_ERROR;
				CLANG_WARN_UNREACHABLE_CODE = YES;
				CLANG_WARN__DUPLICATE_METHOD_MATCH = YES;
				"CODE_SIGN_IDENTITY[sdk=iphoneos*]" = "iPhone Developer";
				COPY_PHASE_STRIP = NO;
				DEBUG_INFORMATION_FORMAT = "dwarf-with-dsym";
				ENABLE_NS_ASSERTIONS = NO;
				ENABLE_STRICT_OBJC_MSGSEND = YES;
				GCC_C_LANGUAGE_STANDARD = gnu99;
				GCC_NO_COMMON_BLOCKS = YES;
				GCC_WARN_64_TO_32_BIT_CONVERSION = YES;
				GCC_WARN_ABOUT_RETURN_TYPE = YES_ERROR;
				GCC_WARN_UNDECLARED_SELECTOR = YES;
				GCC_WARN_UNINITIALIZED_AUTOS = YES_AGGRESSIVE;
				GCC_WARN_UNUSED_FUNCTION = YES;
				GCC_WARN_UNUSED_VARIABLE = YES;
				IPHONEOS_DEPLOYMENT_TARGET = 9.3;
				MTL_ENABLE_DEBUG_INFO = NO;
				SDKROOT = iphoneos;
				VALIDATE_PRODUCT = YES;
			};
			name = Release;
		};
		9D82D2581D3EC3FA009CAF1B /* Debug */ = {
			isa = XCBuildConfiguration;
			buildSettings = {
				ASSETCATALOG_COMPILER_APPICON_NAME = AppIcon;
				INFOPLIST_FILE = PhotoMapp/Info.plist;
				LD_RUNPATH_SEARCH_PATHS = "$(inherited) @executable_path/Frameworks";
				PRODUCT_BUNDLE_IDENTIFIER = Bob.PhotoMapp;
				PRODUCT_NAME = "$(TARGET_NAME)";
			};
			name = Debug;
		};
		9D82D2591D3EC3FA009CAF1B /* Release */ = {
			isa = XCBuildConfiguration;
			buildSettings = {
				ASSETCATALOG_COMPILER_APPICON_NAME = AppIcon;
				INFOPLIST_FILE = PhotoMapp/Info.plist;
				LD_RUNPATH_SEARCH_PATHS = "$(inherited) @executable_path/Frameworks";
				PRODUCT_BUNDLE_IDENTIFIER = Bob.PhotoMapp;
				PRODUCT_NAME = "$(TARGET_NAME)";
			};
			name = Release;
		};
		9D82D25B1D3EC3FA009CAF1B /* Debug */ = {
			isa = XCBuildConfiguration;
			buildSettings = {
				BUNDLE_LOADER = "$(TEST_HOST)";
				INFOPLIST_FILE = PhotoMappTests/Info.plist;
				LD_RUNPATH_SEARCH_PATHS = "$(inherited) @executable_path/Frameworks @loader_path/Frameworks";
				PRODUCT_BUNDLE_IDENTIFIER = Bob.PhotoMappTests;
				PRODUCT_NAME = "$(TARGET_NAME)";
				TEST_HOST = "$(BUILT_PRODUCTS_DIR)/PhotoMapp.app/PhotoMapp";
			};
			name = Debug;
		};
		9D82D25C1D3EC3FA009CAF1B /* Release */ = {
			isa = XCBuildConfiguration;
			buildSettings = {
				BUNDLE_LOADER = "$(TEST_HOST)";
				INFOPLIST_FILE = PhotoMappTests/Info.plist;
				LD_RUNPATH_SEARCH_PATHS = "$(inherited) @executable_path/Frameworks @loader_path/Frameworks";
				PRODUCT_BUNDLE_IDENTIFIER = Bob.PhotoMappTests;
				PRODUCT_NAME = "$(TARGET_NAME)";
				TEST_HOST = "$(BUILT_PRODUCTS_DIR)/PhotoMapp.app/PhotoMapp";
			};
			name = Release;
		};
		9D82D25E1D3EC3FA009CAF1B /* Debug */ = {
			isa = XCBuildConfiguration;
			buildSettings = {
				INFOPLIST_FILE = PhotoMappUITests/Info.plist;
				LD_RUNPATH_SEARCH_PATHS = "$(inherited) @executable_path/Frameworks @loader_path/Frameworks";
				PRODUCT_BUNDLE_IDENTIFIER = Bob.PhotoMappUITests;
				PRODUCT_NAME = "$(TARGET_NAME)";
				TEST_TARGET_NAME = PhotoMapp;
			};
			name = Debug;
		};
		9D82D25F1D3EC3FA009CAF1B /* Release */ = {
			isa = XCBuildConfiguration;
			buildSettings = {
				INFOPLIST_FILE = PhotoMappUITests/Info.plist;
				LD_RUNPATH_SEARCH_PATHS = "$(inherited) @executable_path/Frameworks @loader_path/Frameworks";
				PRODUCT_BUNDLE_IDENTIFIER = Bob.PhotoMappUITests;
				PRODUCT_NAME = "$(TARGET_NAME)";
				TEST_TARGET_NAME = PhotoMapp;
			};
			name = Release;
		};
/* End XCBuildConfiguration section */

/* Begin XCConfigurationList section */
		9D82D2221D3EC3FA009CAF1B /* Build configuration list for PBXProject "PhotoMapp" */ = {
			isa = XCConfigurationList;
			buildConfigurations = (
				9D82D2551D3EC3FA009CAF1B /* Debug */,
				9D82D2561D3EC3FA009CAF1B /* Release */,
			);
			defaultConfigurationIsVisible = 0;
			defaultConfigurationName = Release;
		};
		9D82D2571D3EC3FA009CAF1B /* Build configuration list for PBXNativeTarget "PhotoMapp" */ = {
			isa = XCConfigurationList;
			buildConfigurations = (
				9D82D2581D3EC3FA009CAF1B /* Debug */,
				9D82D2591D3EC3FA009CAF1B /* Release */,
			);
			defaultConfigurationIsVisible = 0;
		};
		9D82D25A1D3EC3FA009CAF1B /* Build configuration list for PBXNativeTarget "PhotoMappTests" */ = {
			isa = XCConfigurationList;
			buildConfigurations = (
				9D82D25B1D3EC3FA009CAF1B /* Debug */,
				9D82D25C1D3EC3FA009CAF1B /* Release */,
			);
			defaultConfigurationIsVisible = 0;
		};
		9D82D25D1D3EC3FA009CAF1B /* Build configuration list for PBXNativeTarget "PhotoMappUITests" */ = {
			isa = XCConfigurationList;
			buildConfigurations = (
				9D82D25E1D3EC3FA009CAF1B /* Debug */,
				9D82D25F1D3EC3FA009CAF1B /* Release */,
			);
			defaultConfigurationIsVisible = 0;
		};
/* End XCConfigurationList section */
	};
	rootObject = 9D82D21F1D3EC3FA009CAF1B /* Project object */;
}
